{
  "name": "_probe",
  "version": "1.0.0",
  "lockfileVersion": 3,
  "requires": true,
  "packages": {
    "": {
      "name": "_probe",
      "version": "1.0.0",
      "license": "ISC",
      "dependencies": {
        "@tootallnate/oodle-wasm": "^0.0.1",
        "oodle.js": "^2.0.3",
        "ooz-wasm": "^2.0.0"
      }
    },
    "node_modules/@tootallnate/oodle-wasm": {
      "version": "0.0.1",
      "resolved": "https://registry.npmjs.org/@tootallnate/oodle-wasm/-/oodle-wasm-0.0.1.tgz",
      "integrity": "sha512-XcxUrbcjNAFFFWBm17KbnFagH0G5DA+PlXgpI/HBc7HDIv/r0yyR+HS+LSHphoUDZWyFrvbBlDgjVqiktbqSlw==",
      "license": "MIT"
    },
    "node_modules/koffi": {
      "version": "2.16.3",
      "resolved": "https://registry.npmjs.org/koffi/-/koffi-2.16.3.tgz",
      "integrity": "sha512-E9y1AsgYGlaxMhcZzHr8y96QF2U5XzA12GGVAfbWqIubTwPNMXQarfBzePNXHe0xtIEtNd6ifAv3GAKYGUeBAQ==",
      "hasInstallScript": true,
      "license": "MIT",
      "funding": {
        "url": "https://liberapay.com/Koromix"
      }
    },
    "node_modules/node-stream-zip": {
      "version": "1.16.0",
      "resolved": "https://registry.npmjs.org/node-stream-zip/-/node-stream-zip-1.16.0.tgz",
      "integrity": "sha512-ObaRrRoR8T68wF6suxHd7R4XQNamij6ZQHrwG7Dx1D2zeHcDNLsIOBcWrIwtDm7AsCXBguaPHgXhcjxDa2szrg==",
      "license": "MIT",
      "engines": {
        "node": ">=0.12.0"
      },
      "funding": {
        "type": "github",
        "url": "https://github.com/sponsors/antelle"
      }
    },
    "node_modules/oodle.js": {
      "version": "2.0.3",
      "resolved": "https://registry.npmjs.org/oodle.js/-/oodle.js-2.0.3.tgz",
      "integrity": "sha512-g7TgzW5ENkIH5Z56583/qMh37IcD1gCO2aMFhSfQFGVitXXf+QxduR6DDb+Gz0/TkFPNHI6aZ9acWN6O8AdA0w==",
      "license": "ISC",
      "dependencies": {
        "koffi": "^2.14.0",
        "node-stream-zip": "^1.15.0"
      },
      "peerDependencies": {
        "typescript": "^5"
      }
    },
    "node_modules/ooz-wasm": {
      "version": "2.0.0",
      "resolved": "https://registry.npmjs.org/ooz-wasm/-/ooz-wasm-2.0.0.tgz",
      "integrity": "sha512-Ewk+Vga2m9niFGV5qT+4EKfBnFEQSQfnTdOWSlnQcpDB2OAdk7TpRHfKqxLSLhDKRjKjw9R+sGlOreWW8ABR0A==",
      "license": "GPL-3.0-or-later"
    },
    "node_modules/typescript": {
      "version": "5.9.3",
      "resolved": "https://registry.npmjs.org/typescript/-/typescript-5.9.3.tgz",
      "integrity": "sha512-jl1vZzPDinLr9eUt3J/t7V6FgNEw9QjvBPdysz9KfQDD41fQrC2Y4vKQdiaUpFT4bXlb1RHhLpp8wtm6M5TgSw==",
      "license": "Apache-2.0",
      "peer": true,
      "bin": {
        "tsc": "bin/tsc",
        "tsserver": "bin/tsserver"
      },
      "engines": {
        "node": ">=14.17"
      }
    }
  }
}
